
Microsoft Visual Studio Solution File, Format Version 12.00
# Visual Studio Version 17
VisualStudioVersion = 17.0.31912.275
MinimumVisualStudioVersion = 10.0.40219.1
Project("{FAE04EC0-301F-11D3-BF4B-00C04F79EFBC}") = "OCPDemo", "OCPDemo.csproj", "{7ECA7E60-4905-4860-A013-0F3CD0B411E1}"
EndProject
Global
	GlobalSection(SolutionConfigurationPlatforms) = preSolution
		Debug|Any CPU = Debug|Any CPU
		Release|Any CPU = Release|Any CPU
	EndGlobalSection
	GlobalSection(ProjectConfigurationPlatforms) = postSolution
		{7ECA7E60-4905-4860-A013-0F3CD0B411E1}.Debug|Any CPU.ActiveCfg = Debug|Any CPU
		{7ECA7E60-4905-4860-A013-0F3CD0B411E1}.Debug|Any CPU.Build.0 = Debug|Any CPU
		{7ECA7E60-4905-4860-A013-0F3CD0B411E1}.Release|Any CPU.ActiveCfg = Release|Any CPU
		{7ECA7E60-4905-4860-A013-0F3CD0B411E1}.Release|Any CPU.Build.0 = Release|Any CPU
	EndGlobalSection
	GlobalSection(SolutionProperties) = preSolution
		HideSolutionNode = FALSE
	EndGlobalSection
	GlobalSection(ExtensibilityGlobals) = postSolution
		SolutionGuid = {AED96FC7-E45E-41BB-A791-56B5866C8AB0}
	EndGlobalSection
EndGlobal
